// !$*UTF8*$!
{
	archiveVersion = 1;
	classes = {
	};
	objectVersion = 46;
	objects = {

/* Begin PBXBuildFile section */
		1C5AF5A3A3D5244D12B6E53F /* Pods_Vigor.framework in Frameworks */ = {isa = PBXBuildFile; fileRef = C2116254742F3F2DD957E631 /* Pods_Vigor.framework */; };
		D7F3E76C1D38ACF4005000C3 /* HomeViewController.swift in Sources */ = {isa = PBXBuildFile; fileRef = D7F3E76B1D38ACF4005000C3 /* HomeViewController.swift */; };
		D7F3E76E1D38AD37005000C3 /* SearchViewController.swift in Sources */ = {isa = PBXBuildFile; fileRef = D7F3E76D1D38AD37005000C3 /* SearchViewController.swift */; };
		D7F3E7701D38AD45005000C3 /* ChatViewController.swift in Sources */ = {isa = PBXBuildFile; fileRef = D7F3E76F1D38AD45005000C3 /* ChatViewController.swift */; };
		D7F3E7721D38AD53005000C3 /* DiscoverViewController.swift in Sources */ = {isa = PBXBuildFile; fileRef = D7F3E7711D38AD53005000C3 /* DiscoverViewController.swift */; };
		D7F3E7761D38B686005000C3 /* GoogleService-Info.plist in Resources */ = {isa = PBXBuildFile; fileRef = D7F3E7751D38B686005000C3 /* GoogleService-Info.plist */; };
		D7F441C31D35E051008D4229 /* AppDelegate.swift in Sources */ = {isa = PBXBuildFile; fileRef = D7F441C21D35E051008D4229 /* AppDelegate.swift */; };
		D7F441CA1D35E051008D4229 /* Main.storyboard in Resources */ = {isa = PBXBuildFile; fileRef = D7F441C81D35E051008D4229 /* Main.storyboard */; };
		D7F441CC1D35E051008D4229 /* Assets.xcassets in Resources */ = {isa = PBXBuildFile; fileRef = D7F441CB1D35E051008D4229 /* Assets.xcassets */; };
		D7F441CF1D35E051008D4229 /* LaunchScreen.storyboard in Resources */ = {isa = PBXBuildFile; fileRef = D7F441CD1D35E051008D4229 /* LaunchScreen.storyboard */; };
		D7F441D71D36010D008D4229 /* MainScreenViewController.swift in Sources */ = {isa = PBXBuildFile; fileRef = D7F441D61D36010D008D4229 /* MainScreenViewController.swift */; };
		D7F441D91D360923008D4229 /* SignInViewController.swift in Sources */ = {isa = PBXBuildFile; fileRef = D7F441D81D360923008D4229 /* SignInViewController.swift */; };
		D7F441DB1D362B76008D4229 /* SignUpViewController.swift in Sources */ = {isa = PBXBuildFile; fileRef = D7F441DA1D362B76008D4229 /* SignUpViewController.swift */; };
/* End PBXBuildFile section */

/* Begin PBXFileReference section */
		5BB7D79BA101A3D1327E17ED /* Pods-Vigor.debug.xcconfig */ = {isa = PBXFileReference; includeInIndex = 1; lastKnownFileType = text.xcconfig; name = "Pods-Vigor.debug.xcconfig"; path = "Pods/Target Support Files/Pods-Vigor/Pods-Vigor.debug.xcconfig"; sourceTree = "<group>"; };
		AF8B0B40A131C3DE3C252C93 /* Pods-Vigor.release.xcconfig */ = {isa = PBXFileReference; includeInIndex = 1; lastKnownFileType = text.xcconfig; name = "Pods-Vigor.release.xcconfig"; path = "Pods/Target Support Files/Pods-Vigor/Pods-Vigor.release.xcconfig"; sourceTree = "<group>"; };
		C2116254742F3F2DD957E631 /* Pods_Vigor.framework */ = {isa = PBXFileReference; explicitFileType = wrapper.framework; includeInIndex = 0; path = Pods_Vigor.framework; sourceTree = BUILT_PRODUCTS_DIR; };
		D7F3E76B1D38ACF4005000C3 /* HomeViewController.swift */ = {isa = PBXFileReference; fileEncoding = 4; lastKnownFileType = sourcecode.swift; path = HomeViewController.swift; sourceTree = "<group>"; };
		D7F3E76D1D38AD37005000C3 /* SearchViewController.swift */ = {isa = PBXFileReference; fileEncoding = 4; lastKnownFileType = sourcecode.swift; path = SearchViewController.swift; sourceTree = "<group>"; };
		D7F3E76F1D38AD45005000C3 /* ChatViewController.swift */ = {isa = PBXFileReference; fileEncoding = 4; lastKnownFileType = sourcecode.swift; path = ChatViewController.swift; sourceTree = "<group>"; };
		D7F3E7711D38AD53005000C3 /* DiscoverViewController.swift */ = {isa = PBXFileReference; fileEncoding = 4; lastKnownFileType = sourcecode.swift; path = DiscoverViewController.swift; sourceTree = "<group>"; };
		D7F3E7751D38B686005000C3 /* GoogleService-Info.plist */ = {isa = PBXFileReference; fileEncoding = 4; lastKnownFileType = text.plist.xml; path = "GoogleService-Info.plist"; sourceTree = "<group>"; };
		D7F441BF1D35E051008D4229 /* Vigor.app */ = {isa = PBXFileReference; explicitFileType = wrapper.application; includeInIndex = 0; path = Vigor.app; sourceTree = BUILT_PRODUCTS_DIR; };
		D7F441C21D35E051008D4229 /* AppDelegate.swift */ = {isa = PBXFileReference; lastKnownFileType = sourcecode.swift; path = AppDelegate.swift; sourceTree = "<group>"; };
		D7F441C91D35E051008D4229 /* Base */ = {isa = PBXFileReference; lastKnownFileType = file.storyboard; name = Base; path = Base.lproj/Main.storyboard; sourceTree = "<group>"; };
		D7F441CB1D35E051008D4229 /* Assets.xcassets */ = {isa = PBXFileReference; lastKnownFileType = folder.assetcatalog; path = Assets.xcassets; sourceTree = "<group>"; };
		D7F441CE1D35E051008D4229 /* Base */ = {isa = PBXFileReference; lastKnownFileType = file.storyboard; name = Base; path = Base.lproj/LaunchScreen.storyboard; sourceTree = "<group>"; };
		D7F441D01D35E051008D4229 /* Info.plist */ = {isa = PBXFileReference; lastKnownFileType = text.plist.xml; path = Info.plist; sourceTree = "<group>"; };
		D7F441D61D36010D008D4229 /* MainScreenViewController.swift */ = {isa = PBXFileReference; fileEncoding = 4; lastKnownFileType = sourcecode.swift; path = MainScreenViewController.swift; sourceTree = "<group>"; };
		D7F441D81D360923008D4229 /* SignInViewController.swift */ = {isa = PBXFileReference; fileEncoding = 4; lastKnownFileType = sourcecode.swift; path = SignInViewController.swift; sourceTree = "<group>"; };
		D7F441DA1D362B76008D4229 /* SignUpViewController.swift */ = {isa = PBXFileReference; fileEncoding = 4; lastKnownFileType = sourcecode.swift; path = SignUpViewController.swift; sourceTree = "<group>"; };
/* End PBXFileReference section */

/* Begin PBXFrameworksBuildPhase section */
		D7F441BC1D35E051008D4229 /* Frameworks */ = {
			isa = PBXFrameworksBuildPhase;
			buildActionMask = 2147483647;
			files = (
				1C5AF5A3A3D5244D12B6E53F /* Pods_Vigor.framework in Frameworks */,
			);
			runOnlyForDeploymentPostprocessing = 0;
		};
/* End PBXFrameworksBuildPhase section */

/* Begin PBXGroup section */
		62F51FFEB0092BC230F6E35A /* Frameworks */ = {
			isa = PBXGroup;
			children = (
				C2116254742F3F2DD957E631 /* Pods_Vigor.framework */,
			);
			name = Frameworks;
			sourceTree = "<group>";
		};
		7C9B3A512F1ADD617F6F79C6 /* Pods */ = {
			isa = PBXGroup;
			children = (
				5BB7D79BA101A3D1327E17ED /* Pods-Vigor.debug.xcconfig */,
				AF8B0B40A131C3DE3C252C93 /* Pods-Vigor.release.xcconfig */,
			);
			name = Pods;
			sourceTree = "<group>";
		};
		D7F441B61D35E051008D4229 = {
			isa = PBXGroup;
			children = (
				D7F441C11D35E051008D4229 /* Vigor */,
				D7F441C01D35E051008D4229 /* Products */,
				7C9B3A512F1ADD617F6F79C6 /* Pods */,
				62F51FFEB0092BC230F6E35A /* Frameworks */,
			);
			sourceTree = "<group>";
		};
		D7F441C01D35E051008D4229 /* Products */ = {
			isa = PBXGroup;
			children = (
				D7F441BF1D35E051008D4229 /* Vigor.app */,
			);
			name = Products;
			sourceTree = "<group>";
		};
		D7F441C11D35E051008D4229 /* Vigor */ = {
			isa = PBXGroup;
			children = (
				D7F441C21D35E051008D4229 /* AppDelegate.swift */,
				D7F441C81D35E051008D4229 /* Main.storyboard */,
				D7F441CB1D35E051008D4229 /* Assets.xcassets */,
				D7F441CD1D35E051008D4229 /* LaunchScreen.storyboard */,
				D7F3E7751D38B686005000C3 /* GoogleService-Info.plist */,
				D7F441D01D35E051008D4229 /* Info.plist */,
				D7F441D61D36010D008D4229 /* MainScreenViewController.swift */,
				D7F441D81D360923008D4229 /* SignInViewController.swift */,
				D7F441DA1D362B76008D4229 /* SignUpViewController.swift */,
				D7F3E76B1D38ACF4005000C3 /* HomeViewController.swift */,
				D7F3E76D1D38AD37005000C3 /* SearchViewController.swift */,
				D7F3E76F1D38AD45005000C3 /* ChatViewController.swift */,
				D7F3E7711D38AD53005000C3 /* DiscoverViewController.swift */,
			);
			path = Vigor;
			sourceTree = "<group>";
		};
/* End PBXGroup section */

/* Begin PBXNativeTarget section */
		D7F441BE1D35E051008D4229 /* Vigor */ = {
			isa = PBXNativeTarget;
			buildConfigurationList = D7F441D31D35E051008D4229 /* Build configuration list for PBXNativeTarget "Vigor" */;
			buildPhases = (
				E518799CE10C0C89F8E2C0C5 /* [CP] Check Pods Manifest.lock */,
				D7F441BB1D35E051008D4229 /* Sources */,
				D7F441BC1D35E051008D4229 /* Frameworks */,
				D7F441BD1D35E051008D4229 /* Resources */,
				71FC1BD869946AB42CC7B052 /* [CP] Embed Pods Frameworks */,
				387B763FF4B38F329916CA8D /* [CP] Copy Pods Resources */,
			);
			buildRules = (
			);
			dependencies = (
			);
			name = Vigor;
			productName = Vigor;
			productReference = D7F441BF1D35E051008D4229 /* Vigor.app */;
			productType = "com.apple.product-type.application";
		};
/* End PBXNativeTarget section */

/* Begin PBXProject section */
		D7F441B71D35E051008D4229 /* Project object */ = {
			isa = PBXProject;
			attributes = {
				LastSwiftUpdateCheck = 0730;
				LastUpgradeCheck = 0730;
				ORGANIZATIONNAME = MPRJ;
				TargetAttributes = {
					D7F441BE1D35E051008D4229 = {
						CreatedOnToolsVersion = 7.3.1;
						DevelopmentTeam = UE8WTZCM7B;
					};
				};
			};
			buildConfigurationList = D7F441BA1D35E051008D4229 /* Build configuration list for PBXProject "Vigor" */;
			compatibilityVersion = "Xcode 3.2";
			developmentRegion = English;
			hasScannedForEncodings = 0;
			knownRegions = (
				en,
				Base,
			);
			mainGroup = D7F441B61D35E051008D4229;
			productRefGroup = D7F441C01D35E051008D4229 /* Products */;
			projectDirPath = "";
			projectRoot = "";
			targets = (
				D7F441BE1D35E051008D4229 /* Vigor */,
			);
		};
/* End PBXProject section */

/* Begin PBXResourcesBuildPhase section */
		D7F441BD1D35E051008D4229 /* Resources */ = {
			isa = PBXResourcesBuildPhase;
			buildActionMask = 2147483647;
			files = (
				D7F441CF1D35E051008D4229 /* LaunchScreen.storyboard in Resources */,
				D7F3E7761D38B686005000C3 /* GoogleService-Info.plist in Resources */,
				D7F441CC1D35E051008D4229 /* Assets.xcassets in Resources */,
				D7F441CA1D35E051008D4229 /* Main.storyboard in Resources */,
			);
			runOnlyForDeploymentPostprocessing = 0;
		};
/* End PBXResourcesBuildPhase section */

/* Begin PBXShellScriptBuildPhase section */
		387B763FF4B38F329916CA8D /* [CP] Copy Pods Resources */ = {
			isa = PBXShellScriptBuildPhase;
			buildActionMask = 2147483647;
			files = (
			);
			inputPaths = (
			);
			name = "[CP] Copy Pods Resources";
			outputPaths = (
			);
			runOnlyForDeploymentPostprocessing = 0;
			shellPath = /bin/sh;
			shellScript = "\"${SRCROOT}/Pods/Target Support Files/Pods-Vigor/Pods-Vigor-resources.sh\"\n";
			showEnvVarsInLog = 0;
		};
		71FC1BD869946AB42CC7B052 /* [CP] Embed Pods Frameworks */ = {
			isa = PBXShellScriptBuildPhase;
			buildActionMask = 2147483647;
			files = (
			);
			inputPaths = (
			);
			name = "[CP] Embed Pods Frameworks";
			outputPaths = (
			);
			runOnlyForDeploymentPostprocessing = 0;
			shellPath = /bin/sh;
			shellScript = "\"${SRCROOT}/Pods/Target Support Files/Pods-Vigor/Pods-Vigor-frameworks.sh\"\n";
			showEnvVarsInLog = 0;
		};
		E518799CE10C0C89F8E2C0C5 /* [CP] Check Pods Manifest.lock */ = {
			isa = PBXShellScriptBuildPhase;
			buildActionMask = 2147483647;
			files = (
			);
			inputPaths = (
			);
			name = "[CP] Check Pods Manifest.lock";
			outputPaths = (
			);
			runOnlyForDeploymentPostprocessing = 0;
			shellPath = /bin/sh;
			shellScript = "diff \"${PODS_ROOT}/../Podfile.lock\" \"${PODS_ROOT}/Manifest.lock\" > /dev/null\nif [[ $? != 0 ]] ; then\n    cat << EOM\nerror: The sandbox is not in sync with the Podfile.lock. Run 'pod install' or update your CocoaPods installation.\nEOM\n    exit 1\nfi\n";
			showEnvVarsInLog = 0;
		};
/* End PBXShellScriptBuildPhase section */

/* Begin PBXSourcesBuildPhase section */
		D7F441BB1D35E051008D4229 /* Sources */ = {
			isa = PBXSourcesBuildPhase;
			buildActionMask = 2147483647;
			files = (
				D7F3E76E1D38AD37005000C3 /* SearchViewController.swift in Sources */,
				D7F3E76C1D38ACF4005000C3 /* HomeViewController.swift in Sources */,
				D7F441DB1D362B76008D4229 /* SignUpViewController.swift in Sources */,
				D7F3E7701D38AD45005000C3 /* ChatViewController.swift in Sources */,
				D7F441D71D36010D008D4229 /* MainScreenViewController.swift in Sources */,
				D7F3E7721D38AD53005000C3 /* DiscoverViewController.swift in Sources */,
				D7F441C31D35E051008D4229 /* AppDelegate.swift in Sources */,
				D7F441D91D360923008D4229 /* SignInViewController.swift in Sources */,
			);
			runOnlyForDeploymentPostprocessing = 0;
		};
/* End PBXSourcesBuildPhase section */

/* Begin PBXVariantGroup section */
		D7F441C81D35E051008D4229 /* Main.storyboard */ = {
			isa = PBXVariantGroup;
			children = (
				D7F441C91D35E051008D4229 /* Base */,
			);
			name = Main.storyboard;
			sourceTree = "<group>";
		};
		D7F441CD1D35E051008D4229 /* LaunchScreen.storyboard */ = {
			isa = PBXVariantGroup;
			children = (
				D7F441CE1D35E051008D4229 /* Base */,
			);
			name = LaunchScreen.storyboard;
			sourceTree = "<group>";
		};
/* End PBXVariantGroup section */

/* Begin XCBuildConfiguration section */
		D7F441D11D35E051008D4229 /* Debug */ = {
			isa = XCBuildConfiguration;
			buildSettings = {
				ALWAYS_SEARCH_USER_PATHS = NO;
				CLANG_ANALYZER_NONNULL = YES;
				CLANG_CXX_LANGUAGE_STANDARD = "gnu++0x";
				CLANG_CXX_LIBRARY = "libc++";
				CLANG_ENABLE_MODULES = YES;
				CLANG_ENABLE_OBJC_ARC = YES;
				CLANG_WARN_BOOL_CONVERSION = YES;
				CLANG_WARN_CONSTANT_CONVERSION = YES;
				CLANG_WARN_DIRECT_OBJC_ISA_USAGE = YES_ERROR;
				CLANG_WARN_EMPTY_BODY = YES;
				CLANG_WARN_ENUM_CONVERSION = YES;
				CLANG_WARN_INT_CONVERSION = YES;
				CLANG_WARN_OBJC_ROOT_CLASS = YES_ERROR;
				CLANG_WARN_UNREACHABLE_CODE = YES;
				CLANG_WARN__DUPLICATE_METHOD_MATCH = YES;
				"CODE_SIGN_IDENTITY[sdk=iphoneos*]" = "iPhone Developer";
				COPY_PHASE_STRIP = NO;
				DEBUG_INFORMATION_FORMAT = dwarf;
				ENABLE_STRICT_OBJC_MSGSEND = YES;
				ENABLE_TESTABILITY = YES;
				GCC_C_LANGUAGE_STANDARD = gnu99;
				GCC_DYNAMIC_NO_PIC = NO;
				GCC_NO_COMMON_BLOCKS = YES;
				GCC_OPTIMIZATION_LEVEL = 0;
				GCC_PREPROCESSOR_DEFINITIONS = (
					"DEBUG=1",
					"$(inherited)",
				);
				GCC_WARN_64_TO_32_BIT_CONVERSION = YES;
				GCC_WARN_ABOUT_RETURN_TYPE = YES_ERROR;
				GCC_WARN_UNDECLARED_SELECTOR = YES;
				GCC_WARN_UNINITIALIZED_AUTOS = YES_AGGRESSIVE;
				GCC_WARN_UNUSED_FUNCTION = YES;
				GCC_WARN_UNUSED_VARIABLE = YES;
				IPHONEOS_DEPLOYMENT_TARGET = 9.3;
				MTL_ENABLE_DEBUG_INFO = YES;
				ONLY_ACTIVE_ARCH = YES;
				SDKROOT = iphoneos;
				SWIFT_OPTIMIZATION_LEVEL = "-Onone";
			};
			name = Debug;
		};
		D7F441D21D35E051008D4229 /* Release */ = {
			isa = XCBuildConfiguration;
			buildSettings = {
				ALWAYS_SEARCH_USER_PATHS = NO;
				CLANG_ANALYZER_NONNULL = YES;
				CLANG_CXX_LANGUAGE_STANDARD = "gnu++0x";
				CLANG_CXX_LIBRARY = "libc++";
				CLANG_ENABLE_MODULES = YES;
				CLANG_ENABLE_OBJC_ARC = YES;
				CLANG_WARN_BOOL_CONVERSION = YES;
				CLANG_WARN_CONSTANT_CONVERSION = YES;
				CLANG_WARN_DIRECT_OBJC_ISA_USAGE = YES_ERROR;
				CLANG_WARN_EMPTY_BODY = YES;
				CLANG_WARN_ENUM_CONVERSION = YES;
				CLANG_WARN_INT_CONVERSION = YES;
				CLANG_WARN_OBJC_ROOT_CLASS = YES_ERROR;
				CLANG_WARN_UNREACHABLE_CODE = YES;
				CLANG_WARN__DUPLICATE_METHOD_MATCH = YES;
				"CODE_SIGN_IDENTITY[sdk=iphoneos*]" = "iPhone Developer";
				COPY_PHASE_STRIP = NO;
				DEBUG_INFORMATION_FORMAT = "dwarf-with-dsym";
				ENABLE_NS_ASSERTIONS = NO;
				ENABLE_STRICT_OBJC_MSGSEND = YES;
				GCC_C_LANGUAGE_STANDARD = gnu99;
				GCC_NO_COMMON_BLOCKS = YES;
				GCC_WARN_64_TO_32_BIT_CONVERSION = YES;
				GCC_WARN_ABOUT_RETURN_TYPE = YES_ERROR;
				GCC_WARN_UNDECLARED_SELECTOR = YES;
				GCC_WARN_UNINITIALIZED_AUTOS = YES_AGGRESSIVE;
				GCC_WARN_UNUSED_FUNCTION = YES;
				GCC_WARN_UNUSED_VARIABLE = YES;
				IPHONEOS_DEPLOYMENT_TARGET = 9.3;
				MTL_ENABLE_DEBUG_INFO = NO;
				SDKROOT = iphoneos;
				VALIDATE_PRODUCT = YES;
			};
			name = Release;
		};
		D7F441D41D35E051008D4229 /* Debug */ = {
			isa = XCBuildConfiguration;
			baseConfigurationReference = 5BB7D79BA101A3D1327E17ED /* Pods-Vigor.debug.xcconfig */;
			buildSettings = {
				ASSETCATALOG_COMPILER_APPICON_NAME = AppIcon;
				CODE_SIGN_IDENTITY = "iPhone Developer";
				"CODE_SIGN_IDENTITY[sdk=iphoneos*]" = "iPhone Developer";
				INFOPLIST_FILE = Vigor/Info.plist;
				LD_RUNPATH_SEARCH_PATHS = "$(inherited) @executable_path/Frameworks";
				PRODUCT_BUNDLE_IDENTIFIER = com.PrathamDoshi.Vigor;
				PRODUCT_NAME = "$(TARGET_NAME)";
				PROVISIONING_PROFILE = "";
				TARGETED_DEVICE_FAMILY = 1;
			};
			name = Debug;
		};
		D7F441D51D35E051008D4229 /* Release */ = {
			isa = XCBuildConfiguration;
			baseConfigurationReference = AF8B0B40A131C3DE3C252C93 /* Pods-Vigor.release.xcconfig */;
			buildSettings = {
				ASSETCATALOG_COMPILER_APPICON_NAME = AppIcon;
				CODE_SIGN_IDENTITY = "iPhone Developer";
				"CODE_SIGN_IDENTITY[sdk=iphoneos*]" = "iPhone Developer";
				INFOPLIST_FILE = Vigor/Info.plist;
				LD_RUNPATH_SEARCH_PATHS = "$(inherited) @executable_path/Frameworks";
				PRODUCT_BUNDLE_IDENTIFIER = com.PrathamDoshi.Vigor;
				PRODUCT_NAME = "$(TARGET_NAME)";
				PROVISIONING_PROFILE = "";
				TARGETED_DEVICE_FAMILY = 1;
			};
			name = Release;
		};
/* End XCBuildConfiguration section */

/* Begin XCConfigurationList section */
		D7F441BA1D35E051008D4229 /* Build configuration list for PBXProject "Vigor" */ = {
			isa = XCConfigurationList;
			buildConfigurations = (
				D7F441D11D35E051008D4229 /* Debug */,
				D7F441D21D35E051008D4229 /* Release */,
			);
			defaultConfigurationIsVisible = 0;
			defaultConfigurationName = Release;
		};
		D7F441D31D35E051008D4229 /* Build configuration list for PBXNativeTarget "Vigor" */ = {
			isa = XCConfigurationList;
			buildConfigurations = (
				D7F441D41D35E051008D4229 /* Debug */,
				D7F441D51D35E051008D4229 /* Release */,
			);
			defaultConfigurationIsVisible = 0;
			defaultConfigurationName = Release;
		};
/* End XCConfigurationList section */
	};
	rootObject = D7F441B71D35E051008D4229 /* Project object */;
}
